
Microsoft Visual Studio Solution File, Format Version 12.00
# Visual Studio 15
VisualStudioVersion = 15.0.28307.421
MinimumVisualStudioVersion = 10.0.40219.1
Project("{888888A0-9F3D-457C-B088-3A5042F75D52}") = "LinearRegression", "LinearRegression\LinearRegression.pyproj", "{B1368B43-01A8-4831-B622-54D8EC6CB712}"
EndProject
Project("{888888A0-9F3D-457C-B088-3A5042F75D52}") = "LogisticRegression", "LogisticRegression\LogisticRegression.pyproj", "{6E4EC8A3-2151-4954-92D9-45183A914FF4}"
EndProject
Project("{888888A0-9F3D-457C-B088-3A5042F75D52}") = "CovarianceMatrix", "CovarianceMatrix\CovarianceMatrix.pyproj", "{1F4F6D9A-A875-49B8-98D0-7831B224D0FA}"
EndProject
Project("{888888A0-9F3D-457C-B088-3A5042F75D52}") = "Likelihood", "Likelihood\Likelihood.pyproj", "{9912E786-399F-4FCB-8B24-884C52BE1020}"
EndProject
Project("{888888A0-9F3D-457C-B088-3A5042F75D52}") = "Matplotlib", "Matplotlib\Matplotlib.pyproj", "{4AD6A6D5-063A-420D-9ECA-6AE394CAAA97}"
EndProject
Project("{888888A0-9F3D-457C-B088-3A5042F75D52}") = "DecisionTrees", "DecisionTrees\DecisionTrees.pyproj", "{34ADE2F3-5F9A-4D52-8C5D-0F9FF3728208}"
EndProject
Project("{888888A0-9F3D-457C-B088-3A5042F75D52}") = "PlayingWithNumPy", "PlayingWithNumPy\PlayingWithNumPy.pyproj", "{2261AFFA-5DD7-4CAE-94B4-3280D553D2C0}"
EndProject
Project("{8BC9CEB8-8B4A-11D0-8D11-00A0C91BC942}") = "MLLib", "MLLib\MLLib.vcxproj", "{EFEC9E76-6BC4-4051-A095-52A1443637D7}"
EndProject
Project("{8BC9CEB8-8B4A-11D0-8D11-00A0C91BC942}") = "ML.App", "ML.App\ML.App.vcxproj", "{B04607D2-E1DE-433C-98E3-6893D9FCE4A9}"
EndProject
Global
	GlobalSection(SolutionConfigurationPlatforms) = preSolution
		Debug|Any CPU = Debug|Any CPU
		Debug|x64 = Debug|x64
		Debug|x86 = Debug|x86
		Release|Any CPU = Release|Any CPU
		Release|x64 = Release|x64
		Release|x86 = Release|x86
	EndGlobalSection
	GlobalSection(ProjectConfigurationPlatforms) = postSolution
		{B1368B43-01A8-4831-B622-54D8EC6CB712}.Debug|Any CPU.ActiveCfg = Debug|Any CPU
		{B1368B43-01A8-4831-B622-54D8EC6CB712}.Debug|x64.ActiveCfg = Debug|Any CPU
		{B1368B43-01A8-4831-B622-54D8EC6CB712}.Debug|x86.ActiveCfg = Debug|Any CPU
		{B1368B43-01A8-4831-B622-54D8EC6CB712}.Release|Any CPU.ActiveCfg = Release|Any CPU
		{B1368B43-01A8-4831-B622-54D8EC6CB712}.Release|x64.ActiveCfg = Release|Any CPU
		{B1368B43-01A8-4831-B622-54D8EC6CB712}.Release|x86.ActiveCfg = Release|Any CPU
		{6E4EC8A3-2151-4954-92D9-45183A914FF4}.Debug|Any CPU.ActiveCfg = Debug|Any CPU
		{6E4EC8A3-2151-4954-92D9-45183A914FF4}.Debug|x64.ActiveCfg = Debug|Any CPU
		{6E4EC8A3-2151-4954-92D9-45183A914FF4}.Debug|x86.ActiveCfg = Debug|Any CPU
		{6E4EC8A3-2151-4954-92D9-45183A914FF4}.Release|Any CPU.ActiveCfg = Release|Any CPU
		{6E4EC8A3-2151-4954-92D9-45183A914FF4}.Release|x64.ActiveCfg = Release|Any CPU
		{6E4EC8A3-2151-4954-92D9-45183A914FF4}.Release|x86.ActiveCfg = Release|Any CPU
		{1F4F6D9A-A875-49B8-98D0-7831B224D0FA}.Debug|Any CPU.ActiveCfg = Debug|Any CPU
		{1F4F6D9A-A875-49B8-98D0-7831B224D0FA}.Debug|x64.ActiveCfg = Debug|Any CPU
		{1F4F6D9A-A875-49B8-98D0-7831B224D0FA}.Debug|x86.ActiveCfg = Debug|Any CPU
		{1F4F6D9A-A875-49B8-98D0-7831B224D0FA}.Release|Any CPU.ActiveCfg = Release|Any CPU
		{1F4F6D9A-A875-49B8-98D0-7831B224D0FA}.Release|x64.ActiveCfg = Release|Any CPU
		{1F4F6D9A-A875-49B8-98D0-7831B224D0FA}.Release|x86.ActiveCfg = Release|Any CPU
		{9912E786-399F-4FCB-8B24-884C52BE1020}.Debug|Any CPU.ActiveCfg = Debug|Any CPU
		{9912E786-399F-4FCB-8B24-884C52BE1020}.Debug|x64.ActiveCfg = Debug|Any CPU
		{9912E786-399F-4FCB-8B24-884C52BE1020}.Debug|x86.ActiveCfg = Debug|Any CPU
		{9912E786-399F-4FCB-8B24-884C52BE1020}.Release|Any CPU.ActiveCfg = Release|Any CPU
		{9912E786-399F-4FCB-8B24-884C52BE1020}.Release|x64.ActiveCfg = Release|Any CPU
		{9912E786-399F-4FCB-8B24-884C52BE1020}.Release|x86.ActiveCfg = Release|Any CPU
		{4AD6A6D5-063A-420D-9ECA-6AE394CAAA97}.Debug|Any CPU.ActiveCfg = Debug|Any CPU
		{4AD6A6D5-063A-420D-9ECA-6AE394CAAA97}.Debug|x64.ActiveCfg = Debug|Any CPU
		{4AD6A6D5-063A-420D-9ECA-6AE394CAAA97}.Debug|x86.ActiveCfg = Debug|Any CPU
		{4AD6A6D5-063A-420D-9ECA-6AE394CAAA97}.Release|Any CPU.ActiveCfg = Release|Any CPU
		{4AD6A6D5-063A-420D-9ECA-6AE394CAAA97}.Release|x64.ActiveCfg = Release|Any CPU
		{4AD6A6D5-063A-420D-9ECA-6AE394CAAA97}.Release|x86.ActiveCfg = Release|Any CPU
		{34ADE2F3-5F9A-4D52-8C5D-0F9FF3728208}.Debug|Any CPU.ActiveCfg = Debug|Any CPU
		{34ADE2F3-5F9A-4D52-8C5D-0F9FF3728208}.Debug|x64.ActiveCfg = Debug|Any CPU
		{34ADE2F3-5F9A-4D52-8C5D-0F9FF3728208}.Debug|x86.ActiveCfg = Debug|Any CPU
		{34ADE2F3-5F9A-4D52-8C5D-0F9FF3728208}.Release|Any CPU.ActiveCfg = Release|Any CPU
		{34ADE2F3-5F9A-4D52-8C5D-0F9FF3728208}.Release|x64.ActiveCfg = Release|Any CPU
		{34ADE2F3-5F9A-4D52-8C5D-0F9FF3728208}.Release|x86.ActiveCfg = Release|Any CPU
		{2261AFFA-5DD7-4CAE-94B4-3280D553D2C0}.Debug|Any CPU.ActiveCfg = Debug|Any CPU
		{2261AFFA-5DD7-4CAE-94B4-3280D553D2C0}.Debug|x64.ActiveCfg = Debug|Any CPU
		{2261AFFA-5DD7-4CAE-94B4-3280D553D2C0}.Debug|x86.ActiveCfg = Debug|Any CPU
		{2261AFFA-5DD7-4CAE-94B4-3280D553D2C0}.Release|Any CPU.ActiveCfg = Release|Any CPU
		{2261AFFA-5DD7-4CAE-94B4-3280D553D2C0}.Release|x64.ActiveCfg = Release|Any CPU
		{2261AFFA-5DD7-4CAE-94B4-3280D553D2C0}.Release|x86.ActiveCfg = Release|Any CPU
		{EFEC9E76-6BC4-4051-A095-52A1443637D7}.Debug|Any CPU.ActiveCfg = Debug|Win32
		{EFEC9E76-6BC4-4051-A095-52A1443637D7}.Debug|x64.ActiveCfg = Debug|x64
		{EFEC9E76-6BC4-4051-A095-52A1443637D7}.Debug|x64.Build.0 = Debug|x64
		{EFEC9E76-6BC4-4051-A095-52A1443637D7}.Debug|x86.ActiveCfg = Debug|Win32
		{EFEC9E76-6BC4-4051-A095-52A1443637D7}.Debug|x86.Build.0 = Debug|Win32
		{EFEC9E76-6BC4-4051-A095-52A1443637D7}.Release|Any CPU.ActiveCfg = Release|Win32
		{EFEC9E76-6BC4-4051-A095-52A1443637D7}.Release|x64.ActiveCfg = Release|x64
		{EFEC9E76-6BC4-4051-A095-52A1443637D7}.Release|x64.Build.0 = Release|x64
		{EFEC9E76-6BC4-4051-A095-52A1443637D7}.Release|x86.ActiveCfg = Release|Win32
		{EFEC9E76-6BC4-4051-A095-52A1443637D7}.Release|x86.Build.0 = Release|Win32
		{B04607D2-E1DE-433C-98E3-6893D9FCE4A9}.Debug|Any CPU.ActiveCfg = Debug|Win32
		{B04607D2-E1DE-433C-98E3-6893D9FCE4A9}.Debug|x64.ActiveCfg = Debug|x64
		{B04607D2-E1DE-433C-98E3-6893D9FCE4A9}.Debug|x64.Build.0 = Debug|x64
		{B04607D2-E1DE-433C-98E3-6893D9FCE4A9}.Debug|x86.ActiveCfg = Debug|Win32
		{B04607D2-E1DE-433C-98E3-6893D9FCE4A9}.Debug|x86.Build.0 = Debug|Win32
		{B04607D2-E1DE-433C-98E3-6893D9FCE4A9}.Release|Any CPU.ActiveCfg = Release|Win32
		{B04607D2-E1DE-433C-98E3-6893D9FCE4A9}.Release|x64.ActiveCfg = Release|x64
		{B04607D2-E1DE-433C-98E3-6893D9FCE4A9}.Release|x64.Build.0 = Release|x64
		{B04607D2-E1DE-433C-98E3-6893D9FCE4A9}.Release|x86.ActiveCfg = Release|Win32
		{B04607D2-E1DE-433C-98E3-6893D9FCE4A9}.Release|x86.Build.0 = Release|Win32
	EndGlobalSection
	GlobalSection(SolutionProperties) = preSolution
		HideSolutionNode = FALSE
	EndGlobalSection
	GlobalSection(ExtensibilityGlobals) = postSolution
		SolutionGuid = {743CC9B9-FFA6-40E3-99C1-823744FB82B7}
	EndGlobalSection
EndGlobal
