
Microsoft Visual Studio Solution File, Format Version 12.00
# Visual Studio Version 17
VisualStudioVersion = 17.0.31912.275
MinimumVisualStudioVersion = 10.0.40219.1
Project("{8BC9CEB8-8B4A-11D0-8D11-00A0C91BC942}") = "Ml.app", "Ml.app\Ml.app.vcxproj", "{E2C8E541-C8CA-442A-AB98-82164AB089BC}"
EndProject
Project("{8BC9CEB8-8B4A-11D0-8D11-00A0C91BC942}") = "Mllib", "Ml.lib\Ml.lib.vcxproj", "{EAC7DCD5-DA5D-4D42-BA96-58D0AEEBC698}"
EndProject
Project("{9A19103F-16F7-4668-BE54-9A1E7A4F7556}") = "MlinNet.App", "MlinNet.App\MlinNet.App.csproj", "{154550DE-7523-4CE3-AAE7-0400DA15C668}"
EndProject
Project("{8BC9CEB8-8B4A-11D0-8D11-00A0C91BC942}") = "NeuralNetwork", "NeuralNetwork\NeuralNetwork.vcxproj", "{87559894-ED33-4AF0-BF1D-ED4C3D82D0CD}"
EndProject
Project("{8BC9CEB8-8B4A-11D0-8D11-00A0C91BC942}") = "ShuntingYardAlgorithm", "ShuntingYardAlgorithm\ShuntingYardAlgorithm.vcxproj", "{61E09D1B-577C-4633-B2CE-59ADE24D2779}"
EndProject
Project("{8BC9CEB8-8B4A-11D0-8D11-00A0C91BC942}") = "ShuntingYardNotRefactored", "ShuntingYardNotRefactored\ShuntingYardNotRefactored.vcxproj", "{788E13AC-A41F-42A2-BC3E-F968CCAE26BD}"
EndProject
Global
	GlobalSection(SolutionConfigurationPlatforms) = preSolution
		Debug|Any CPU = Debug|Any CPU
		Debug|x64 = Debug|x64
		Debug|x86 = Debug|x86
		Release|Any CPU = Release|Any CPU
		Release|x64 = Release|x64
		Release|x86 = Release|x86
	EndGlobalSection
	GlobalSection(ProjectConfigurationPlatforms) = postSolution
		{E2C8E541-C8CA-442A-AB98-82164AB089BC}.Debug|Any CPU.ActiveCfg = Debug|Win32
		{E2C8E541-C8CA-442A-AB98-82164AB089BC}.Debug|x64.ActiveCfg = Debug|x64
		{E2C8E541-C8CA-442A-AB98-82164AB089BC}.Debug|x64.Build.0 = Debug|x64
		{E2C8E541-C8CA-442A-AB98-82164AB089BC}.Debug|x86.ActiveCfg = Debug|Win32
		{E2C8E541-C8CA-442A-AB98-82164AB089BC}.Debug|x86.Build.0 = Debug|Win32
		{E2C8E541-C8CA-442A-AB98-82164AB089BC}.Release|Any CPU.ActiveCfg = Release|Win32
		{E2C8E541-C8CA-442A-AB98-82164AB089BC}.Release|x64.ActiveCfg = Release|x64
		{E2C8E541-C8CA-442A-AB98-82164AB089BC}.Release|x64.Build.0 = Release|x64
		{E2C8E541-C8CA-442A-AB98-82164AB089BC}.Release|x86.ActiveCfg = Release|Win32
		{E2C8E541-C8CA-442A-AB98-82164AB089BC}.Release|x86.Build.0 = Release|Win32
		{EAC7DCD5-DA5D-4D42-BA96-58D0AEEBC698}.Debug|Any CPU.ActiveCfg = Debug|Win32
		{EAC7DCD5-DA5D-4D42-BA96-58D0AEEBC698}.Debug|x64.ActiveCfg = Debug|x64
		{EAC7DCD5-DA5D-4D42-BA96-58D0AEEBC698}.Debug|x64.Build.0 = Debug|x64
		{EAC7DCD5-DA5D-4D42-BA96-58D0AEEBC698}.Debug|x86.ActiveCfg = Debug|Win32
		{EAC7DCD5-DA5D-4D42-BA96-58D0AEEBC698}.Debug|x86.Build.0 = Debug|Win32
		{EAC7DCD5-DA5D-4D42-BA96-58D0AEEBC698}.Release|Any CPU.ActiveCfg = Release|Win32
		{EAC7DCD5-DA5D-4D42-BA96-58D0AEEBC698}.Release|x64.ActiveCfg = Release|x64
		{EAC7DCD5-DA5D-4D42-BA96-58D0AEEBC698}.Release|x64.Build.0 = Release|x64
		{EAC7DCD5-DA5D-4D42-BA96-58D0AEEBC698}.Release|x86.ActiveCfg = Release|Win32
		{EAC7DCD5-DA5D-4D42-BA96-58D0AEEBC698}.Release|x86.Build.0 = Release|Win32
		{154550DE-7523-4CE3-AAE7-0400DA15C668}.Debug|Any CPU.ActiveCfg = Debug|Any CPU
		{154550DE-7523-4CE3-AAE7-0400DA15C668}.Debug|Any CPU.Build.0 = Debug|Any CPU
		{154550DE-7523-4CE3-AAE7-0400DA15C668}.Debug|x64.ActiveCfg = Debug|Any CPU
		{154550DE-7523-4CE3-AAE7-0400DA15C668}.Debug|x64.Build.0 = Debug|Any CPU
		{154550DE-7523-4CE3-AAE7-0400DA15C668}.Debug|x86.ActiveCfg = Debug|Any CPU
		{154550DE-7523-4CE3-AAE7-0400DA15C668}.Debug|x86.Build.0 = Debug|Any CPU
		{154550DE-7523-4CE3-AAE7-0400DA15C668}.Release|Any CPU.ActiveCfg = Release|Any CPU
		{154550DE-7523-4CE3-AAE7-0400DA15C668}.Release|Any CPU.Build.0 = Release|Any CPU
		{154550DE-7523-4CE3-AAE7-0400DA15C668}.Release|x64.ActiveCfg = Release|Any CPU
		{154550DE-7523-4CE3-AAE7-0400DA15C668}.Release|x64.Build.0 = Release|Any CPU
		{154550DE-7523-4CE3-AAE7-0400DA15C668}.Release|x86.ActiveCfg = Release|Any CPU
		{154550DE-7523-4CE3-AAE7-0400DA15C668}.Release|x86.Build.0 = Release|Any CPU
		{87559894-ED33-4AF0-BF1D-ED4C3D82D0CD}.Debug|Any CPU.ActiveCfg = Debug|x64
		{87559894-ED33-4AF0-BF1D-ED4C3D82D0CD}.Debug|Any CPU.Build.0 = Debug|x64
		{87559894-ED33-4AF0-BF1D-ED4C3D82D0CD}.Debug|x64.ActiveCfg = Debug|x64
		{87559894-ED33-4AF0-BF1D-ED4C3D82D0CD}.Debug|x64.Build.0 = Debug|x64
		{87559894-ED33-4AF0-BF1D-ED4C3D82D0CD}.Debug|x86.ActiveCfg = Debug|Win32
		{87559894-ED33-4AF0-BF1D-ED4C3D82D0CD}.Debug|x86.Build.0 = Debug|Win32
		{87559894-ED33-4AF0-BF1D-ED4C3D82D0CD}.Release|Any CPU.ActiveCfg = Release|x64
		{87559894-ED33-4AF0-BF1D-ED4C3D82D0CD}.Release|Any CPU.Build.0 = Release|x64
		{87559894-ED33-4AF0-BF1D-ED4C3D82D0CD}.Release|x64.ActiveCfg = Release|x64
		{87559894-ED33-4AF0-BF1D-ED4C3D82D0CD}.Release|x64.Build.0 = Release|x64
		{87559894-ED33-4AF0-BF1D-ED4C3D82D0CD}.Release|x86.ActiveCfg = Release|Win32
		{87559894-ED33-4AF0-BF1D-ED4C3D82D0CD}.Release|x86.Build.0 = Release|Win32
		{61E09D1B-577C-4633-B2CE-59ADE24D2779}.Debug|Any CPU.ActiveCfg = Debug|x64
		{61E09D1B-577C-4633-B2CE-59ADE24D2779}.Debug|Any CPU.Build.0 = Debug|x64
		{61E09D1B-577C-4633-B2CE-59ADE24D2779}.Debug|x64.ActiveCfg = Debug|x64
		{61E09D1B-577C-4633-B2CE-59ADE24D2779}.Debug|x64.Build.0 = Debug|x64
		{61E09D1B-577C-4633-B2CE-59ADE24D2779}.Debug|x86.ActiveCfg = Debug|Win32
		{61E09D1B-577C-4633-B2CE-59ADE24D2779}.Debug|x86.Build.0 = Debug|Win32
		{61E09D1B-577C-4633-B2CE-59ADE24D2779}.Release|Any CPU.ActiveCfg = Release|x64
		{61E09D1B-577C-4633-B2CE-59ADE24D2779}.Release|Any CPU.Build.0 = Release|x64
		{61E09D1B-577C-4633-B2CE-59ADE24D2779}.Release|x64.ActiveCfg = Release|x64
		{61E09D1B-577C-4633-B2CE-59ADE24D2779}.Release|x64.Build.0 = Release|x64
		{61E09D1B-577C-4633-B2CE-59ADE24D2779}.Release|x86.ActiveCfg = Release|Win32
		{61E09D1B-577C-4633-B2CE-59ADE24D2779}.Release|x86.Build.0 = Release|Win32
		{788E13AC-A41F-42A2-BC3E-F968CCAE26BD}.Debug|Any CPU.ActiveCfg = Debug|x64
		{788E13AC-A41F-42A2-BC3E-F968CCAE26BD}.Debug|Any CPU.Build.0 = Debug|x64
		{788E13AC-A41F-42A2-BC3E-F968CCAE26BD}.Debug|x64.ActiveCfg = Debug|x64
		{788E13AC-A41F-42A2-BC3E-F968CCAE26BD}.Debug|x64.Build.0 = Debug|x64
		{788E13AC-A41F-42A2-BC3E-F968CCAE26BD}.Debug|x86.ActiveCfg = Debug|Win32
		{788E13AC-A41F-42A2-BC3E-F968CCAE26BD}.Debug|x86.Build.0 = Debug|Win32
		{788E13AC-A41F-42A2-BC3E-F968CCAE26BD}.Release|Any CPU.ActiveCfg = Release|x64
		{788E13AC-A41F-42A2-BC3E-F968CCAE26BD}.Release|Any CPU.Build.0 = Release|x64
		{788E13AC-A41F-42A2-BC3E-F968CCAE26BD}.Release|x64.ActiveCfg = Release|x64
		{788E13AC-A41F-42A2-BC3E-F968CCAE26BD}.Release|x64.Build.0 = Release|x64
		{788E13AC-A41F-42A2-BC3E-F968CCAE26BD}.Release|x86.ActiveCfg = Release|Win32
		{788E13AC-A41F-42A2-BC3E-F968CCAE26BD}.Release|x86.Build.0 = Release|Win32
	EndGlobalSection
	GlobalSection(SolutionProperties) = preSolution
		HideSolutionNode = FALSE
	EndGlobalSection
	GlobalSection(ExtensibilityGlobals) = postSolution
		SolutionGuid = {F8380D96-EB42-4BD4-A2AB-0B5C2E686D05}
	EndGlobalSection
EndGlobal
